{
  "name": "schema",
  "version": "1.0.0",
  "lockfileVersion": 2,
  "requires": true,
  "packages": {
    "": {
      "name": "schema",
      "version": "1.0.0",
      "license": "ISC",
      "dependencies": {
        "lodash": "^4.17.21",
        "survey-core": "1.9.81"
      }
    },
    "node_modules/lodash": {
      "version": "4.17.21",
      "resolved": "https://registry.npmjs.org/lodash/-/lodash-4.17.21.tgz",
      "integrity": "sha512-v2kDEe57lecTulaDIuNTPy3Ry4gLGJ6Z1O3vE1krgXZNrsQ+LFTGHVxVjcXPs17LhbZVGedAJv8XZ1tvj5FvSg=="
    },
    "node_modules/survey-core": {
      "version": "1.9.81",
      "resolved": "https://registry.npmjs.org/survey-core/-/survey-core-1.9.81.tgz",
      "integrity": "sha512-q0qrLsP4qcv18csKWnr9Hyi7rYDtvxTSCb+BL4Dd20V5B8mf8P1u1uGQhpzUEdA5ofUMacKbtqvYLXC8xtcX+A=="
    }
  },
  "dependencies": {
    "lodash": {
      "version": "4.17.21",
      "resolved": "https://registry.npmjs.org/lodash/-/lodash-4.17.21.tgz",
      "integrity": "sha512-v2kDEe57lecTulaDIuNTPy3Ry4gLGJ6Z1O3vE1krgXZNrsQ+LFTGHVxVjcXPs17LhbZVGedAJv8XZ1tvj5FvSg=="
    },
    "survey-core": {
      "version": "1.9.81",
      "resolved": "https://registry.npmjs.org/survey-core/-/survey-core-1.9.81.tgz",
      "integrity": "sha512-q0qrLsP4qcv18csKWnr9Hyi7rYDtvxTSCb+BL4Dd20V5B8mf8P1u1uGQhpzUEdA5ofUMacKbtqvYLXC8xtcX+A=="
    }
  }
}
