{
  "name": "schema",
  "version": "1.0.0",
  "lockfileVersion": 2,
  "requires": true,
  "packages": {
    "": {
      "name": "schema",
      "version": "1.0.0",
      "license": "ISC",
      "dependencies": {
        "lodash": "^4.17.21",
        "survey-core": "latest"
      }
    },
    "node_modules/lodash": {
      "version": "4.17.21",
      "resolved": "https://registry.npmjs.org/lodash/-/lodash-4.17.21.tgz",
      "integrity": "sha512-v2kDEe57lecTulaDIuNTPy3Ry4gLGJ6Z1O3vE1krgXZNrsQ+LFTGHVxVjcXPs17LhbZVGedAJv8XZ1tvj5FvSg=="
    },
    "node_modules/survey-core": {
      "version": "1.9.77",
      "resolved": "https://registry.npmjs.org/survey-core/-/survey-core-1.9.77.tgz",
      "integrity": "sha512-340q22SokKZAp9OjxDKG/Gkzo5j4EU3QXfsoxjEr2gCutWXyPkY3CLf49/g311Jm72Jtbe1nfecoOk0IBn1c2w=="
    }
  },
  "dependencies": {
    "lodash": {
      "version": "4.17.21",
      "resolved": "https://registry.npmjs.org/lodash/-/lodash-4.17.21.tgz",
      "integrity": "sha512-v2kDEe57lecTulaDIuNTPy3Ry4gLGJ6Z1O3vE1krgXZNrsQ+LFTGHVxVjcXPs17LhbZVGedAJv8XZ1tvj5FvSg=="
    },
    "survey-core": {
      "version": "1.9.77",
      "resolved": "https://registry.npmjs.org/survey-core/-/survey-core-1.9.77.tgz",
      "integrity": "sha512-340q22SokKZAp9OjxDKG/Gkzo5j4EU3QXfsoxjEr2gCutWXyPkY3CLf49/g311Jm72Jtbe1nfecoOk0IBn1c2w=="
    }
  }
}
